{
  "name": "saltcorn-qrcode",
  "version": "1.0.0",
  "lockfileVersion": 2,
  "requires": true,
  "packages": {
    "": {
      "name": "saltcorn-qrcode",
      "version": "1.0.0",
      "license": "MIT",
      "dependencies": {
        "@saltcorn/markup": "^0.8.7-beta.4"
      }
    },
    "node_modules/@saltcorn/markup": {
      "version": "0.8.7-beta.4",
      "resolved": "https://registry.npmjs.org/@saltcorn/markup/-/markup-0.8.7-beta.4.tgz",
      "integrity": "sha512-Btdv0Uy06m7TDJe65dn5Lfnmb73p6w+K6vjPUPbFzvKAKp+LggkQUPM8cGhdgV4HC4go9Yrd4bD0g/A6lyC8MA==",
      "dependencies": {
        "escape-html": "^1.0.3",
        "html-tags": "3.1.0",
        "xss": "^1.0.10"
      }
    },
    "node_modules/commander": {
      "version": "2.20.3",
      "resolved": "https://registry.npmjs.org/commander/-/commander-2.20.3.tgz",
      "integrity": "sha512-GpVkmM8vF2vQUkj2LvZmD35JxeJOLCwJ9cUkugyk2nuhbv3+mJvpLYYt+0+USMxE+oj+ey/lJEnhZw75x/OMcQ=="
    },
    "node_modules/cssfilter": {
      "version": "0.0.10",
      "resolved": "https://registry.npmjs.org/cssfilter/-/cssfilter-0.0.10.tgz",
      "integrity": "sha512-FAaLDaplstoRsDR8XGYH51znUN0UY7nMc6Z9/fvE8EXGwvJE9hu7W2vHwx1+bd6gCYnln9nLbzxFTrcO9YQDZw=="
    },
    "node_modules/escape-html": {
      "version": "1.0.3",
      "resolved": "https://registry.npmjs.org/escape-html/-/escape-html-1.0.3.tgz",
      "integrity": "sha512-NiSupZ4OeuGwr68lGIeym/ksIZMJodUGOSCZ/FSnTxcrekbvqrgdUxlJOMpijaKZVjAJrWrGs/6Jy8OMuyj9ow=="
    },
    "node_modules/html-tags": {
      "version": "3.1.0",
      "resolved": "https://registry.npmjs.org/html-tags/-/html-tags-3.1.0.tgz",
      "integrity": "sha512-1qYz89hW3lFDEazhjW0yVAV87lw8lVkrJocr72XmBkMKsoSVJCQx3W8BXsC7hO2qAt8BoVjYjtAcZ9perqGnNg==",
      "engines": {
        "node": ">=8"
      }
    },
    "node_modules/xss": {
      "version": "1.0.14",
      "resolved": "https://registry.npmjs.org/xss/-/xss-1.0.14.tgz",
      "integrity": "sha512-og7TEJhXvn1a7kzZGQ7ETjdQVS2UfZyTlsEdDOqvQF7GoxNfY+0YLCzBy1kPdsDDx4QuNAonQPddpsn6Xl/7sw==",
      "dependencies": {
        "commander": "^2.20.3",
        "cssfilter": "0.0.10"
      },
      "bin": {
        "xss": "bin/xss"
      },
      "engines": {
        "node": ">= 0.10.0"
      }
    }
  },
  "dependencies": {
    "@saltcorn/markup": {
      "version": "0.8.7-beta.4",
      "resolved": "https://registry.npmjs.org/@saltcorn/markup/-/markup-0.8.7-beta.4.tgz",
      "integrity": "sha512-Btdv0Uy06m7TDJe65dn5Lfnmb73p6w+K6vjPUPbFzvKAKp+LggkQUPM8cGhdgV4HC4go9Yrd4bD0g/A6lyC8MA==",
      "requires": {
        "escape-html": "^1.0.3",
        "html-tags": "3.1.0",
        "xss": "^1.0.10"
      }
    },
    "commander": {
      "version": "2.20.3",
      "resolved": "https://registry.npmjs.org/commander/-/commander-2.20.3.tgz",
      "integrity": "sha512-GpVkmM8vF2vQUkj2LvZmD35JxeJOLCwJ9cUkugyk2nuhbv3+mJvpLYYt+0+USMxE+oj+ey/lJEnhZw75x/OMcQ=="
    },
    "cssfilter": {
      "version": "0.0.10",
      "resolved": "https://registry.npmjs.org/cssfilter/-/cssfilter-0.0.10.tgz",
      "integrity": "sha512-FAaLDaplstoRsDR8XGYH51znUN0UY7nMc6Z9/fvE8EXGwvJE9hu7W2vHwx1+bd6gCYnln9nLbzxFTrcO9YQDZw=="
    },
    "escape-html": {
      "version": "1.0.3",
      "resolved": "https://registry.npmjs.org/escape-html/-/escape-html-1.0.3.tgz",
      "integrity": "sha512-NiSupZ4OeuGwr68lGIeym/ksIZMJodUGOSCZ/FSnTxcrekbvqrgdUxlJOMpijaKZVjAJrWrGs/6Jy8OMuyj9ow=="
    },
    "html-tags": {
      "version": "3.1.0",
      "resolved": "https://registry.npmjs.org/html-tags/-/html-tags-3.1.0.tgz",
      "integrity": "sha512-1qYz89hW3lFDEazhjW0yVAV87lw8lVkrJocr72XmBkMKsoSVJCQx3W8BXsC7hO2qAt8BoVjYjtAcZ9perqGnNg=="
    },
    "xss": {
      "version": "1.0.14",
      "resolved": "https://registry.npmjs.org/xss/-/xss-1.0.14.tgz",
      "integrity": "sha512-og7TEJhXvn1a7kzZGQ7ETjdQVS2UfZyTlsEdDOqvQF7GoxNfY+0YLCzBy1kPdsDDx4QuNAonQPddpsn6Xl/7sw==",
      "requires": {
        "commander": "^2.20.3",
        "cssfilter": "0.0.10"
      }
    }
  }
}
